
Microsoft Visual Studio Solution File, Format Version 12.00
# Visual Studio Version 17
VisualStudioVersion = 17.1.32421.90
MinimumVisualStudioVersion = 10.0.40219.1
Project("{FAE04EC0-301F-11D3-BF4B-00C04F79EFBC}") = "HundredPrisonersConsole", "HundredPrisonersRiddle\HundredPrisonersConsole.csproj", "{7F5F41EE-8854-43FF-80ED-AEF62C2AECD3}"
EndProject
Project("{FAE04EC0-301F-11D3-BF4B-00C04F79EFBC}") = "HundredPrisonersLib", "HundredPrisonersLib\HundredPrisonersLib.csproj", "{6CE6DB9C-FACE-4AB3-A3C9-6E5178D54209}"
EndProject
Project("{FAE04EC0-301F-11D3-BF4B-00C04F79EFBC}") = "HundredPrisonersGUI", "HundredPrisonersGUI\HundredPrisonersGUI.csproj", "{23B1183F-CB6E-4950-BA4C-A79AEA73EE13}"
EndProject
Global
	GlobalSection(SolutionConfigurationPlatforms) = preSolution
		Debug|Any CPU = Debug|Any CPU
		Release|Any CPU = Release|Any CPU
	EndGlobalSection
	GlobalSection(ProjectConfigurationPlatforms) = postSolution
		{7F5F41EE-8854-43FF-80ED-AEF62C2AECD3}.Debug|Any CPU.ActiveCfg = Debug|Any CPU
		{7F5F41EE-8854-43FF-80ED-AEF62C2AECD3}.Debug|Any CPU.Build.0 = Debug|Any CPU
		{7F5F41EE-8854-43FF-80ED-AEF62C2AECD3}.Release|Any CPU.ActiveCfg = Release|Any CPU
		{7F5F41EE-8854-43FF-80ED-AEF62C2AECD3}.Release|Any CPU.Build.0 = Release|Any CPU
		{6CE6DB9C-FACE-4AB3-A3C9-6E5178D54209}.Debug|Any CPU.ActiveCfg = Debug|Any CPU
		{6CE6DB9C-FACE-4AB3-A3C9-6E5178D54209}.Debug|Any CPU.Build.0 = Debug|Any CPU
		{6CE6DB9C-FACE-4AB3-A3C9-6E5178D54209}.Release|Any CPU.ActiveCfg = Release|Any CPU
		{6CE6DB9C-FACE-4AB3-A3C9-6E5178D54209}.Release|Any CPU.Build.0 = Release|Any CPU
		{23B1183F-CB6E-4950-BA4C-A79AEA73EE13}.Debug|Any CPU.ActiveCfg = Debug|Any CPU
		{23B1183F-CB6E-4950-BA4C-A79AEA73EE13}.Debug|Any CPU.Build.0 = Debug|Any CPU
		{23B1183F-CB6E-4950-BA4C-A79AEA73EE13}.Release|Any CPU.ActiveCfg = Release|Any CPU
		{23B1183F-CB6E-4950-BA4C-A79AEA73EE13}.Release|Any CPU.Build.0 = Release|Any CPU
	EndGlobalSection
	GlobalSection(SolutionProperties) = preSolution
		HideSolutionNode = FALSE
	EndGlobalSection
	GlobalSection(ExtensibilityGlobals) = postSolution
		SolutionGuid = {35A35402-DC4F-4B6A-8DD3-C09B832832DA}
	EndGlobalSection
EndGlobal
